<?xml version="1.0" encoding="utf-8"?>
<Project ToolsVersion="4.0" xmlns="http://schemas.microsoft.com/developer/msbuild/2003">
  <ItemGroup>
    <Filter Include="Source Files">
      <UniqueIdentifier>{4FC737F1-C7A5-4376-A066-2A32D752A2FF}</UniqueIdentifier>
      <Extensions>cpp;c;cc;cxx;c++;cppm;ixx;def;odl;idl;hpj;bat;asm;asmx</Extensions>
    </Filter>
    <Filter Include="Header Files">
      <UniqueIdentifier>{93995380-89BD-4b04-88EB-625FBE52EBFB}</UniqueIdentifier>
      <Extensions>h;hh;hpp;hxx;h++;hm;inl;inc;ipp;xsd</Extensions>
    </Filter>
    <Filter Include="Resource Files">
      <UniqueIdentifier>{67DA6AB6-F800-4c08-8B7A-83BB121AAD01}</UniqueIdentifier>
      <Extensions>rc;ico;cur;bmp;dlg;rc2;rct;bin;rgs;gif;jpg;jpeg;jpe;resx;tiff;tif;png;wav;mfcribbon-ms</Extensions>
    </Filter>
  </ItemGroup>
  <ItemGroup>
    <ClCompile Include="CppProblemSolvingArchive.cpp">
      <Filter>Source Files</Filter>
    </ClCompile>
  </ItemGroup>
  <ItemGroup>
    <ClInclude Include="SWEA\D1\Q2072.h">
      <Filter>Header Files</Filter>
    </ClInclude>
    <ClInclude Include="SWEA\D2\Q1204.h">
      <Filter>Header Files</Filter>
    </ClInclude>
    <ClInclude Include="SWEA\D2\Q1859.h">
      <Filter>Header Files</Filter>
    </ClInclude>
    <ClInclude Include="SWEA\D1\Q2071.h">
      <Filter>Header Files</Filter>
    </ClInclude>
    <ClInclude Include="SWEA\D2\Q1926.h">
      <Filter>Header Files</Filter>
    </ClInclude>
    <ClInclude Include="SWEA\D1\Q2070.h">
      <Filter>Header Files</Filter>
    </ClInclude>
    <ClInclude Include="SWEA\D1\Q1545.h">
      <Filter>Header Files</Filter>
    </ClInclude>
    <ClInclude Include="SWEA\D2\Q1954.h">
      <Filter>Header Files</Filter>
    </ClInclude>
    <ClInclude Include="SWEA\D1\Q2046.h">
      <Filter>Header Files</Filter>
    </ClInclude>
    <ClInclude Include="SWEA\D1\Q2058.h">
      <Filter>Header Files</Filter>
    </ClInclude>
    <ClInclude Include="SWEA\D2\Q1284.h">
      <Filter>Header Files</Filter>
    </ClInclude>
    <ClInclude Include="SWEA\D2\Q2007.h">
      <Filter>Header Files</Filter>
    </ClInclude>
    <ClInclude Include="SWEA\D1\Q2068.h">
      <Filter>Header Files</Filter>
    </ClInclude>
    <ClInclude Include="SWEA\D1\Q2063.h">
      <Filter>Header Files</Filter>
    </ClInclude>
    <ClInclude Include="SWEA\D1\Q2047.h">
      <Filter>Header Files</Filter>
    </ClInclude>
    <ClInclude Include="SWEA\D2\Q1974.h">
      <Filter>Header Files</Filter>
    </ClInclude>
    <ClInclude Include="SWEA\D2\Q2005.h">
      <Filter>Header Files</Filter>
    </ClInclude>
    <ClInclude Include="SWEA\D1\Q2056.h">
      <Filter>Header Files</Filter>
    </ClInclude>
    <ClInclude Include="SWEA\D1\Q1938.h">
      <Filter>Header Files</Filter>
    </ClInclude>
    <ClInclude Include="SWEA\D1\Q2050.h">
      <Filter>Header Files</Filter>
    </ClInclude>
    <ClInclude Include="SWEA\D2\Q2001.h">
      <Filter>Header Files</Filter>
    </ClInclude>
    <ClInclude Include="SWEA\D2\Q1989.h">
      <Filter>Header Files</Filter>
    </ClInclude>
    <ClInclude Include="SWEA\D1\Q1936.h">
      <Filter>Header Files</Filter>
    </ClInclude>
    <ClInclude Include="SWEA\D1\Q2025.h">
      <Filter>Header Files</Filter>
    </ClInclude>
    <ClInclude Include="SWEA\D1\Q2043.h">
      <Filter>Header Files</Filter>
    </ClInclude>
    <ClInclude Include="SWEA\D2\Q1986.h">
      <Filter>Header Files</Filter>
    </ClInclude>
    <ClInclude Include="SWEA\D2\Q1983.h">
      <Filter>Header Files</Filter>
    </ClInclude>
    <ClInclude Include="SWEA\D2\Q1984.h">
      <Filter>Header Files</Filter>
    </ClInclude>
    <ClInclude Include="SWEA\D1\Q2019.h">
      <Filter>Header Files</Filter>
    </ClInclude>
    <ClInclude Include="SWEA\D2\Q1961.h">
      <Filter>Header Files</Filter>
    </ClInclude>
    <ClInclude Include="SWEA\D2\Q1979.h">
      <Filter>Header Files</Filter>
    </ClInclude>
    <ClInclude Include="SWEA\D1\Q1933.h">
      <Filter>Header Files</Filter>
    </ClInclude>
    <ClInclude Include="SWEA\D1\Q2027.h">
      <Filter>Header Files</Filter>
    </ClInclude>
    <ClInclude Include="SWEA\D1\Q2029.h">
      <Filter>Header Files</Filter>
    </ClInclude>
    <ClInclude Include="SWEA\D2\Q1288.h">
      <Filter>Header Files</Filter>
    </ClInclude>
    <ClInclude Include="SWEA\D2\Q1970.h">
      <Filter>Header Files</Filter>
    </ClInclude>
    <ClInclude Include="SWEA\D2\Q1945.h">
      <Filter>Header Files</Filter>
    </ClInclude>
    <ClInclude Include="SWEA\D2\Q1966.h">
      <Filter>Header Files</Filter>
    </ClInclude>
    <ClInclude Include="SWEA\D2\Q1946.h">
      <Filter>Header Files</Filter>
    </ClInclude>
    <ClInclude Include="SWEA\D2\Q1976.h">
      <Filter>Header Files</Filter>
    </ClInclude>
    <ClInclude Include="SWEA\D2\Q1959.h">
      <Filter>Header Files</Filter>
    </ClInclude>
    <ClInclude Include="SWEA\D2\Q1285.h">
      <Filter>Header Files</Filter>
    </ClInclude>
    <ClInclude Include="SWEA\D2\Q1940.h">
      <Filter>Header Files</Filter>
    </ClInclude>
    <ClInclude Include="SWEA\D2\Q1948.h">
      <Filter>Header Files</Filter>
    </ClInclude>
  </ItemGroup>
</Project>